// !$*UTF8*$!
{
	archiveVersion = 1;
	classes = {
	};
	objectVersion = 46;
	objects = {

/* Begin PBXBuildFile section */
		382335A51D268F3E00E6E88B /* main.m in Sources */ = {isa = PBXBuildFile; fileRef = 382335A41D268F3E00E6E88B /* main.m */; };
		382335A81D268F3E00E6E88B /* AppDelegate.m in Sources */ = {isa = PBXBuildFile; fileRef = 382335A71D268F3E00E6E88B /* AppDelegate.m */; };
		382335AB1D268F3E00E6E88B /* ViewController.m in Sources */ = {isa = PBXBuildFile; fileRef = 382335AA1D268F3E00E6E88B /* ViewController.m */; };
		382335AE1D268F3E00E6E88B /* Main.storyboard in Resources */ = {isa = PBXBuildFile; fileRef = 382335AC1D268F3E00E6E88B /* Main.storyboard */; };
		382335B01D268F3E00E6E88B /* Assets.xcassets in Resources */ = {isa = PBXBuildFile; fileRef = 382335AF1D268F3E00E6E88B /* Assets.xcassets */; };
		382335B31D268F3E00E6E88B /* LaunchScreen.storyboard in Resources */ = {isa = PBXBuildFile; fileRef = 382335B11D268F3E00E6E88B /* LaunchScreen.storyboard */; };
		388705961D26B46800155783 /* WebviewImageProtocol.m in Sources */ = {isa = PBXBuildFile; fileRef = 388705951D26B46800155783 /* WebviewImageProtocol.m */; };
		388705981D27913D00155783 /* background-cover.jpg in Resources */ = {isa = PBXBuildFile; fileRef = 388705971D27913D00155783 /* background-cover.jpg */; };
		C6728F05472ADFA69CA81223 /* libPods.a in Frameworks */ = {isa = PBXBuildFile; fileRef = 8AF9602B8390D2C9BC3C4A32 /* libPods.a */; };
/* End PBXBuildFile section */

/* Begin PBXFileReference section */
		382335A01D268F3E00E6E88B /* WebviewImageSolutionDemo.app */ = {isa = PBXFileReference; explicitFileType = wrapper.application; includeInIndex = 0; path = WebviewImageSolutionDemo.app; sourceTree = BUILT_PRODUCTS_DIR; };
		382335A41D268F3E00E6E88B /* main.m */ = {isa = PBXFileReference; lastKnownFileType = sourcecode.c.objc; path = main.m; sourceTree = "<group>"; };
		382335A61D268F3E00E6E88B /* AppDelegate.h */ = {isa = PBXFileReference; lastKnownFileType = sourcecode.c.h; path = AppDelegate.h; sourceTree = "<group>"; };
		382335A71D268F3E00E6E88B /* AppDelegate.m */ = {isa = PBXFileReference; lastKnownFileType = sourcecode.c.objc; path = AppDelegate.m; sourceTree = "<group>"; };
		382335A91D268F3E00E6E88B /* ViewController.h */ = {isa = PBXFileReference; lastKnownFileType = sourcecode.c.h; path = ViewController.h; sourceTree = "<group>"; };
		382335AA1D268F3E00E6E88B /* ViewController.m */ = {isa = PBXFileReference; lastKnownFileType = sourcecode.c.objc; path = ViewController.m; sourceTree = "<group>"; };
		382335AD1D268F3E00E6E88B /* Base */ = {isa = PBXFileReference; lastKnownFileType = file.storyboard; name = Base; path = Base.lproj/Main.storyboard; sourceTree = "<group>"; };
		382335AF1D268F3E00E6E88B /* Assets.xcassets */ = {isa = PBXFileReference; lastKnownFileType = folder.assetcatalog; path = Assets.xcassets; sourceTree = "<group>"; };
		382335B21D268F3E00E6E88B /* Base */ = {isa = PBXFileReference; lastKnownFileType = file.storyboard; name = Base; path = Base.lproj/LaunchScreen.storyboard; sourceTree = "<group>"; };
		382335B41D268F3E00E6E88B /* Info.plist */ = {isa = PBXFileReference; lastKnownFileType = text.plist.xml; path = Info.plist; sourceTree = "<group>"; };
		388705941D26B46800155783 /* WebviewImageProtocol.h */ = {isa = PBXFileReference; fileEncoding = 4; lastKnownFileType = sourcecode.c.h; path = WebviewImageProtocol.h; sourceTree = "<group>"; };
		388705951D26B46800155783 /* WebviewImageProtocol.m */ = {isa = PBXFileReference; fileEncoding = 4; lastKnownFileType = sourcecode.c.objc; path = WebviewImageProtocol.m; sourceTree = "<group>"; };
		388705971D27913D00155783 /* background-cover.jpg */ = {isa = PBXFileReference; lastKnownFileType = image.jpeg; path = "background-cover.jpg"; sourceTree = "<group>"; };
		6E1601BE6D70FD22D5189615 /* Pods.debug.xcconfig */ = {isa = PBXFileReference; includeInIndex = 1; lastKnownFileType = text.xcconfig; name = Pods.debug.xcconfig; path = "Pods/Target Support Files/Pods/Pods.debug.xcconfig"; sourceTree = "<group>"; };
		8AF9602B8390D2C9BC3C4A32 /* libPods.a */ = {isa = PBXFileReference; explicitFileType = archive.ar; includeInIndex = 0; path = libPods.a; sourceTree = BUILT_PRODUCTS_DIR; };
		A6E09CFCA6DFA70772C22DFA /* Pods.release.xcconfig */ = {isa = PBXFileReference; includeInIndex = 1; lastKnownFileType = text.xcconfig; name = Pods.release.xcconfig; path = "Pods/Target Support Files/Pods/Pods.release.xcconfig"; sourceTree = "<group>"; };
/* End PBXFileReference section */

/* Begin PBXFrameworksBuildPhase section */
		3823359D1D268F3E00E6E88B /* Frameworks */ = {
			isa = PBXFrameworksBuildPhase;
			buildActionMask = 2147483647;
			files = (
				C6728F05472ADFA69CA81223 /* libPods.a in Frameworks */,
			);
			runOnlyForDeploymentPostprocessing = 0;
		};
/* End PBXFrameworksBuildPhase section */

/* Begin PBXGroup section */
		382335971D268F3E00E6E88B = {
			isa = PBXGroup;
			children = (
				382335A21D268F3E00E6E88B /* WebviewImageSolutionDemo */,
				382335A11D268F3E00E6E88B /* Products */,
				3E7013C8AFB37E3CCB8E6D0C /* Pods */,
				82DEA99C490980507555B1F6 /* Frameworks */,
			);
			sourceTree = "<group>";
		};
		382335A11D268F3E00E6E88B /* Products */ = {
			isa = PBXGroup;
			children = (
				382335A01D268F3E00E6E88B /* WebviewImageSolutionDemo.app */,
			);
			name = Products;
			sourceTree = "<group>";
		};
		382335A21D268F3E00E6E88B /* WebviewImageSolutionDemo */ = {
			isa = PBXGroup;
			children = (
				382335A61D268F3E00E6E88B /* AppDelegate.h */,
				382335A71D268F3E00E6E88B /* AppDelegate.m */,
				388705941D26B46800155783 /* WebviewImageProtocol.h */,
				388705951D26B46800155783 /* WebviewImageProtocol.m */,
				388705971D27913D00155783 /* background-cover.jpg */,
				382335A91D268F3E00E6E88B /* ViewController.h */,
				382335AA1D268F3E00E6E88B /* ViewController.m */,
				382335AC1D268F3E00E6E88B /* Main.storyboard */,
				382335AF1D268F3E00E6E88B /* Assets.xcassets */,
				382335B11D268F3E00E6E88B /* LaunchScreen.storyboard */,
				382335B41D268F3E00E6E88B /* Info.plist */,
				382335A31D268F3E00E6E88B /* Supporting Files */,
			);
			path = WebviewImageSolutionDemo;
			sourceTree = "<group>";
		};
		382335A31D268F3E00E6E88B /* Supporting Files */ = {
			isa = PBXGroup;
			children = (
				382335A41D268F3E00E6E88B /* main.m */,
			);
			name = "Supporting Files";
			sourceTree = "<group>";
		};
		3E7013C8AFB37E3CCB8E6D0C /* Pods */ = {
			isa = PBXGroup;
			children = (
				6E1601BE6D70FD22D5189615 /* Pods.debug.xcconfig */,
				A6E09CFCA6DFA70772C22DFA /* Pods.release.xcconfig */,
			);
			name = Pods;
			sourceTree = "<group>";
		};
		82DEA99C490980507555B1F6 /* Frameworks */ = {
			isa = PBXGroup;
			children = (
				8AF9602B8390D2C9BC3C4A32 /* libPods.a */,
			);
			name = Frameworks;
			sourceTree = "<group>";
		};
/* End PBXGroup section */

/* Begin PBXNativeTarget section */
		3823359F1D268F3E00E6E88B /* WebviewImageSolutionDemo */ = {
			isa = PBXNativeTarget;
			buildConfigurationList = 382335B71D268F3E00E6E88B /* Build configuration list for PBXNativeTarget "WebviewImageSolutionDemo" */;
			buildPhases = (
				EA301D7F0FE3724AC6422DF0 /* Check Pods Manifest.lock */,
				3823359C1D268F3E00E6E88B /* Sources */,
				3823359D1D268F3E00E6E88B /* Frameworks */,
				3823359E1D268F3E00E6E88B /* Resources */,
				457F02C2738F15EDC00E7649 /* Embed Pods Frameworks */,
				7C144213654163DCAF001E53 /* Copy Pods Resources */,
			);
			buildRules = (
			);
			dependencies = (
			);
			name = WebviewImageSolutionDemo;
			productName = WebviewImageSolutionDemo;
			productReference = 382335A01D268F3E00E6E88B /* WebviewImageSolutionDemo.app */;
			productType = "com.apple.product-type.application";
		};
/* End PBXNativeTarget section */

/* Begin PBXProject section */
		382335981D268F3E00E6E88B /* Project object */ = {
			isa = PBXProject;
			attributes = {
				LastUpgradeCheck = 0730;
				ORGANIZATIONNAME = Jim;
				TargetAttributes = {
					3823359F1D268F3E00E6E88B = {
						CreatedOnToolsVersion = 7.3.1;
					};
				};
			};
			buildConfigurationList = 3823359B1D268F3E00E6E88B /* Build configuration list for PBXProject "WebviewImageSolutionDemo" */;
			compatibilityVersion = "Xcode 3.2";
			developmentRegion = English;
			hasScannedForEncodings = 0;
			knownRegions = (
				en,
				Base,
			);
			mainGroup = 382335971D268F3E00E6E88B;
			productRefGroup = 382335A11D268F3E00E6E88B /* Products */;
			projectDirPath = "";
			projectRoot = "";
			targets = (
				3823359F1D268F3E00E6E88B /* WebviewImageSolutionDemo */,
			);
		};
/* End PBXProject section */

/* Begin PBXResourcesBuildPhase section */
		3823359E1D268F3E00E6E88B /* Resources */ = {
			isa = PBXResourcesBuildPhase;
			buildActionMask = 2147483647;
			files = (
				382335B31D268F3E00E6E88B /* LaunchScreen.storyboard in Resources */,
				382335B01D268F3E00E6E88B /* Assets.xcassets in Resources */,
				382335AE1D268F3E00E6E88B /* Main.storyboard in Resources */,
				388705981D27913D00155783 /* background-cover.jpg in Resources */,
			);
			runOnlyForDeploymentPostprocessing = 0;
		};
/* End PBXResourcesBuildPhase section */

/* Begin PBXShellScriptBuildPhase section */
		457F02C2738F15EDC00E7649 /* Embed Pods Frameworks */ = {
			isa = PBXShellScriptBuildPhase;
			buildActionMask = 2147483647;
			files = (
			);
			inputPaths = (
			);
			name = "Embed Pods Frameworks";
			outputPaths = (
			);
			runOnlyForDeploymentPostprocessing = 0;
			shellPath = /bin/sh;
			shellScript = "\"${SRCROOT}/Pods/Target Support Files/Pods/Pods-frameworks.sh\"\n";
			showEnvVarsInLog = 0;
		};
		7C144213654163DCAF001E53 /* Copy Pods Resources */ = {
			isa = PBXShellScriptBuildPhase;
			buildActionMask = 2147483647;
			files = (
			);
			inputPaths = (
			);
			name = "Copy Pods Resources";
			outputPaths = (
			);
			runOnlyForDeploymentPostprocessing = 0;
			shellPath = /bin/sh;
			shellScript = "\"${SRCROOT}/Pods/Target Support Files/Pods/Pods-resources.sh\"\n";
			showEnvVarsInLog = 0;
		};
		EA301D7F0FE3724AC6422DF0 /* Check Pods Manifest.lock */ = {
			isa = PBXShellScriptBuildPhase;
			buildActionMask = 2147483647;
			files = (
			);
			inputPaths = (
			);
			name = "Check Pods Manifest.lock";
			outputPaths = (
			);
			runOnlyForDeploymentPostprocessing = 0;
			shellPath = /bin/sh;
			shellScript = "diff \"${PODS_ROOT}/../Podfile.lock\" \"${PODS_ROOT}/Manifest.lock\" > /dev/null\nif [[ $? != 0 ]] ; then\n    cat << EOM\nerror: The sandbox is not in sync with the Podfile.lock. Run 'pod install' or update your CocoaPods installation.\nEOM\n    exit 1\nfi\n";
			showEnvVarsInLog = 0;
		};
/* End PBXShellScriptBuildPhase section */

/* Begin PBXSourcesBuildPhase section */
		3823359C1D268F3E00E6E88B /* Sources */ = {
			isa = PBXSourcesBuildPhase;
			buildActionMask = 2147483647;
			files = (
				382335AB1D268F3E00E6E88B /* ViewController.m in Sources */,
				382335A81D268F3E00E6E88B /* AppDelegate.m in Sources */,
				382335A51D268F3E00E6E88B /* main.m in Sources */,
				388705961D26B46800155783 /* WebviewImageProtocol.m in Sources */,
			);
			runOnlyForDeploymentPostprocessing = 0;
		};
/* End PBXSourcesBuildPhase section */

/* Begin PBXVariantGroup section */
		382335AC1D268F3E00E6E88B /* Main.storyboard */ = {
			isa = PBXVariantGroup;
			children = (
				382335AD1D268F3E00E6E88B /* Base */,
			);
			name = Main.storyboard;
			sourceTree = "<group>";
		};
		382335B11D268F3E00E6E88B /* LaunchScreen.storyboard */ = {
			isa = PBXVariantGroup;
			children = (
				382335B21D268F3E00E6E88B /* Base */,
			);
			name = LaunchScreen.storyboard;
			sourceTree = "<group>";
		};
/* End PBXVariantGroup section */

/* Begin XCBuildConfiguration section */
		382335B51D268F3E00E6E88B /* Debug */ = {
			isa = XCBuildConfiguration;
			buildSettings = {
				ALWAYS_SEARCH_USER_PATHS = NO;
				CLANG_ANALYZER_NONNULL = YES;
				CLANG_CXX_LANGUAGE_STANDARD = "gnu++0x";
				CLANG_CXX_LIBRARY = "libc++";
				CLANG_ENABLE_MODULES = YES;
				CLANG_ENABLE_OBJC_ARC = YES;
				CLANG_WARN_BOOL_CONVERSION = YES;
				CLANG_WARN_CONSTANT_CONVERSION = YES;
				CLANG_WARN_DIRECT_OBJC_ISA_USAGE = YES_ERROR;
				CLANG_WARN_EMPTY_BODY = YES;
				CLANG_WARN_ENUM_CONVERSION = YES;
				CLANG_WARN_INT_CONVERSION = YES;
				CLANG_WARN_OBJC_ROOT_CLASS = YES_ERROR;
				CLANG_WARN_UNREACHABLE_CODE = YES;
				CLANG_WARN__DUPLICATE_METHOD_MATCH = YES;
				"CODE_SIGN_IDENTITY[sdk=iphoneos*]" = "iPhone Developer";
				COPY_PHASE_STRIP = NO;
				DEBUG_INFORMATION_FORMAT = dwarf;
				ENABLE_STRICT_OBJC_MSGSEND = YES;
				ENABLE_TESTABILITY = YES;
				GCC_C_LANGUAGE_STANDARD = gnu99;
				GCC_DYNAMIC_NO_PIC = NO;
				GCC_NO_COMMON_BLOCKS = YES;
				GCC_OPTIMIZATION_LEVEL = 0;
				GCC_PREPROCESSOR_DEFINITIONS = (
					"DEBUG=1",
					"$(inherited)",
				);
				GCC_WARN_64_TO_32_BIT_CONVERSION = YES;
				GCC_WARN_ABOUT_RETURN_TYPE = YES_ERROR;
				GCC_WARN_UNDECLARED_SELECTOR = YES;
				GCC_WARN_UNINITIALIZED_AUTOS = YES_AGGRESSIVE;
				GCC_WARN_UNUSED_FUNCTION = YES;
				GCC_WARN_UNUSED_VARIABLE = YES;
				IPHONEOS_DEPLOYMENT_TARGET = 9.3;
				MTL_ENABLE_DEBUG_INFO = YES;
				ONLY_ACTIVE_ARCH = YES;
				SDKROOT = iphoneos;
			};
			name = Debug;
		};
		382335B61D268F3E00E6E88B /* Release */ = {
			isa = XCBuildConfiguration;
			buildSettings = {
				ALWAYS_SEARCH_USER_PATHS = NO;
				CLANG_ANALYZER_NONNULL = YES;
				CLANG_CXX_LANGUAGE_STANDARD = "gnu++0x";
				CLANG_CXX_LIBRARY = "libc++";
				CLANG_ENABLE_MODULES = YES;
				CLANG_ENABLE_OBJC_ARC = YES;
				CLANG_WARN_BOOL_CONVERSION = YES;
				CLANG_WARN_CONSTANT_CONVERSION = YES;
				CLANG_WARN_DIRECT_OBJC_ISA_USAGE = YES_ERROR;
				CLANG_WARN_EMPTY_BODY = YES;
				CLANG_WARN_ENUM_CONVERSION = YES;
				CLANG_WARN_INT_CONVERSION = YES;
				CLANG_WARN_OBJC_ROOT_CLASS = YES_ERROR;
				CLANG_WARN_UNREACHABLE_CODE = YES;
				CLANG_WARN__DUPLICATE_METHOD_MATCH = YES;
				"CODE_SIGN_IDENTITY[sdk=iphoneos*]" = "iPhone Developer";
				COPY_PHASE_STRIP = NO;
				DEBUG_INFORMATION_FORMAT = "dwarf-with-dsym";
				ENABLE_NS_ASSERTIONS = NO;
				ENABLE_STRICT_OBJC_MSGSEND = YES;
				GCC_C_LANGUAGE_STANDARD = gnu99;
				GCC_NO_COMMON_BLOCKS = YES;
				GCC_WARN_64_TO_32_BIT_CONVERSION = YES;
				GCC_WARN_ABOUT_RETURN_TYPE = YES_ERROR;
				GCC_WARN_UNDECLARED_SELECTOR = YES;
				GCC_WARN_UNINITIALIZED_AUTOS = YES_AGGRESSIVE;
				GCC_WARN_UNUSED_FUNCTION = YES;
				GCC_WARN_UNUSED_VARIABLE = YES;
				IPHONEOS_DEPLOYMENT_TARGET = 9.3;
				MTL_ENABLE_DEBUG_INFO = NO;
				SDKROOT = iphoneos;
				VALIDATE_PRODUCT = YES;
			};
			name = Release;
		};
		382335B81D268F3E00E6E88B /* Debug */ = {
			isa = XCBuildConfiguration;
			baseConfigurationReference = 6E1601BE6D70FD22D5189615 /* Pods.debug.xcconfig */;
			buildSettings = {
				ASSETCATALOG_COMPILER_APPICON_NAME = AppIcon;
				INFOPLIST_FILE = WebviewImageSolutionDemo/Info.plist;
				LD_RUNPATH_SEARCH_PATHS = "$(inherited) @executable_path/Frameworks";
				PRODUCT_BUNDLE_IDENTIFIER = com.hjm.WebviewImageSolutionDemo;
				PRODUCT_NAME = "$(TARGET_NAME)";
			};
			name = Debug;
		};
		382335B91D268F3E00E6E88B /* Release */ = {
			isa = XCBuildConfiguration;
			baseConfigurationReference = A6E09CFCA6DFA70772C22DFA /* Pods.release.xcconfig */;
			buildSettings = {
				ASSETCATALOG_COMPILER_APPICON_NAME = AppIcon;
				INFOPLIST_FILE = WebviewImageSolutionDemo/Info.plist;
				LD_RUNPATH_SEARCH_PATHS = "$(inherited) @executable_path/Frameworks";
				PRODUCT_BUNDLE_IDENTIFIER = com.hjm.WebviewImageSolutionDemo;
				PRODUCT_NAME = "$(TARGET_NAME)";
			};
			name = Release;
		};
/* End XCBuildConfiguration section */

/* Begin XCConfigurationList section */
		3823359B1D268F3E00E6E88B /* Build configuration list for PBXProject "WebviewImageSolutionDemo" */ = {
			isa = XCConfigurationList;
			buildConfigurations = (
				382335B51D268F3E00E6E88B /* Debug */,
				382335B61D268F3E00E6E88B /* Release */,
			);
			defaultConfigurationIsVisible = 0;
			defaultConfigurationName = Release;
		};
		382335B71D268F3E00E6E88B /* Build configuration list for PBXNativeTarget "WebviewImageSolutionDemo" */ = {
			isa = XCConfigurationList;
			buildConfigurations = (
				382335B81D268F3E00E6E88B /* Debug */,
				382335B91D268F3E00E6E88B /* Release */,
			);
			defaultConfigurationIsVisible = 0;
			defaultConfigurationName = Release;
		};
/* End XCConfigurationList section */
	};
	rootObject = 382335981D268F3E00E6E88B /* Project object */;
}
